// !$*UTF8*$!
{
	archiveVersion = 1;
	classes = {
	};
	objectVersion = 48;
	objects = {

/* Begin PBXBuildFile section */
		0E98B9847E964BFD747C31F3 /* libPods-HeyAdMob.a in Frameworks */ = {isa = PBXBuildFile; fileRef = 3912AC375BC96A0CF22B2168 /* libPods-HeyAdMob.a */; };
		B06BC4FC1FD1C12E00533C81 /* AppDelegate.m in Sources */ = {isa = PBXBuildFile; fileRef = B06BC4FB1FD1C12E00533C81 /* AppDelegate.m */; };
		B06BC4FF1FD1C12F00533C81 /* ViewController.m in Sources */ = {isa = PBXBuildFile; fileRef = B06BC4FE1FD1C12F00533C81 /* ViewController.m */; };
		B06BC5021FD1C12F00533C81 /* Main.storyboard in Resources */ = {isa = PBXBuildFile; fileRef = B06BC5001FD1C12F00533C81 /* Main.storyboard */; };
		B06BC5041FD1C12F00533C81 /* Assets.xcassets in Resources */ = {isa = PBXBuildFile; fileRef = B06BC5031FD1C12F00533C81 /* Assets.xcassets */; };
		B06BC5071FD1C12F00533C81 /* LaunchScreen.storyboard in Resources */ = {isa = PBXBuildFile; fileRef = B06BC5051FD1C12F00533C81 /* LaunchScreen.storyboard */; };
		B06BC50A1FD1C12F00533C81 /* main.m in Sources */ = {isa = PBXBuildFile; fileRef = B06BC5091FD1C12F00533C81 /* main.m */; };
		B06BC5121FD52BCD00533C81 /* FullAdViewController.m in Sources */ = {isa = PBXBuildFile; fileRef = B06BC5111FD52BCD00533C81 /* FullAdViewController.m */; };
/* End PBXBuildFile section */

/* Begin PBXFileReference section */
		25623149FA397301F93D9848 /* Pods-HeyAdMob.release.xcconfig */ = {isa = PBXFileReference; includeInIndex = 1; lastKnownFileType = text.xcconfig; name = "Pods-HeyAdMob.release.xcconfig"; path = "Pods/Target Support Files/Pods-HeyAdMob/Pods-HeyAdMob.release.xcconfig"; sourceTree = "<group>"; };
		3912AC375BC96A0CF22B2168 /* libPods-HeyAdMob.a */ = {isa = PBXFileReference; explicitFileType = archive.ar; includeInIndex = 0; path = "libPods-HeyAdMob.a"; sourceTree = BUILT_PRODUCTS_DIR; };
		A7829DEA4C59FAC1E5D7946E /* Pods-HeyAdMob.debug.xcconfig */ = {isa = PBXFileReference; includeInIndex = 1; lastKnownFileType = text.xcconfig; name = "Pods-HeyAdMob.debug.xcconfig"; path = "Pods/Target Support Files/Pods-HeyAdMob/Pods-HeyAdMob.debug.xcconfig"; sourceTree = "<group>"; };
		B06BC4F71FD1C12E00533C81 /* HeyAdMob.app */ = {isa = PBXFileReference; explicitFileType = wrapper.application; includeInIndex = 0; path = HeyAdMob.app; sourceTree = BUILT_PRODUCTS_DIR; };
		B06BC4FA1FD1C12E00533C81 /* AppDelegate.h */ = {isa = PBXFileReference; lastKnownFileType = sourcecode.c.h; path = AppDelegate.h; sourceTree = "<group>"; };
		B06BC4FB1FD1C12E00533C81 /* AppDelegate.m */ = {isa = PBXFileReference; lastKnownFileType = sourcecode.c.objc; path = AppDelegate.m; sourceTree = "<group>"; };
		B06BC4FD1FD1C12E00533C81 /* ViewController.h */ = {isa = PBXFileReference; lastKnownFileType = sourcecode.c.h; path = ViewController.h; sourceTree = "<group>"; };
		B06BC4FE1FD1C12F00533C81 /* ViewController.m */ = {isa = PBXFileReference; lastKnownFileType = sourcecode.c.objc; path = ViewController.m; sourceTree = "<group>"; };
		B06BC5011FD1C12F00533C81 /* Base */ = {isa = PBXFileReference; lastKnownFileType = file.storyboard; name = Base; path = Base.lproj/Main.storyboard; sourceTree = "<group>"; };
		B06BC5031FD1C12F00533C81 /* Assets.xcassets */ = {isa = PBXFileReference; lastKnownFileType = folder.assetcatalog; path = Assets.xcassets; sourceTree = "<group>"; };
		B06BC5061FD1C12F00533C81 /* Base */ = {isa = PBXFileReference; lastKnownFileType = file.storyboard; name = Base; path = Base.lproj/LaunchScreen.storyboard; sourceTree = "<group>"; };
		B06BC5081FD1C12F00533C81 /* Info.plist */ = {isa = PBXFileReference; lastKnownFileType = text.plist.xml; path = Info.plist; sourceTree = "<group>"; };
		B06BC5091FD1C12F00533C81 /* main.m */ = {isa = PBXFileReference; lastKnownFileType = sourcecode.c.objc; path = main.m; sourceTree = "<group>"; };
		B06BC5101FD52BCD00533C81 /* FullAdViewController.h */ = {isa = PBXFileReference; lastKnownFileType = sourcecode.c.h; path = FullAdViewController.h; sourceTree = "<group>"; };
		B06BC5111FD52BCD00533C81 /* FullAdViewController.m */ = {isa = PBXFileReference; lastKnownFileType = sourcecode.c.objc; path = FullAdViewController.m; sourceTree = "<group>"; };
/* End PBXFileReference section */

/* Begin PBXFrameworksBuildPhase section */
		B06BC4F41FD1C12E00533C81 /* Frameworks */ = {
			isa = PBXFrameworksBuildPhase;
			buildActionMask = 2147483647;
			files = (
				0E98B9847E964BFD747C31F3 /* libPods-HeyAdMob.a in Frameworks */,
			);
			runOnlyForDeploymentPostprocessing = 0;
		};
/* End PBXFrameworksBuildPhase section */

/* Begin PBXGroup section */
		12294EA39ECD009F9386655A /* Frameworks */ = {
			isa = PBXGroup;
			children = (
				3912AC375BC96A0CF22B2168 /* libPods-HeyAdMob.a */,
			);
			name = Frameworks;
			sourceTree = "<group>";
		};
		4575B6091D69CDAA460F8D31 /* Pods */ = {
			isa = PBXGroup;
			children = (
				A7829DEA4C59FAC1E5D7946E /* Pods-HeyAdMob.debug.xcconfig */,
				25623149FA397301F93D9848 /* Pods-HeyAdMob.release.xcconfig */,
			);
			name = Pods;
			sourceTree = "<group>";
		};
		B06BC4EE1FD1C12E00533C81 = {
			isa = PBXGroup;
			children = (
				B06BC4F91FD1C12E00533C81 /* HeyAdMob */,
				B06BC4F81FD1C12E00533C81 /* Products */,
				4575B6091D69CDAA460F8D31 /* Pods */,
				12294EA39ECD009F9386655A /* Frameworks */,
			);
			sourceTree = "<group>";
		};
		B06BC4F81FD1C12E00533C81 /* Products */ = {
			isa = PBXGroup;
			children = (
				B06BC4F71FD1C12E00533C81 /* HeyAdMob.app */,
			);
			name = Products;
			sourceTree = "<group>";
		};
		B06BC4F91FD1C12E00533C81 /* HeyAdMob */ = {
			isa = PBXGroup;
			children = (
				B06BC4FA1FD1C12E00533C81 /* AppDelegate.h */,
				B06BC4FB1FD1C12E00533C81 /* AppDelegate.m */,
				B06BC4FD1FD1C12E00533C81 /* ViewController.h */,
				B06BC4FE1FD1C12F00533C81 /* ViewController.m */,
				B06BC5101FD52BCD00533C81 /* FullAdViewController.h */,
				B06BC5111FD52BCD00533C81 /* FullAdViewController.m */,
				B06BC5001FD1C12F00533C81 /* Main.storyboard */,
				B06BC5031FD1C12F00533C81 /* Assets.xcassets */,
				B06BC5051FD1C12F00533C81 /* LaunchScreen.storyboard */,
				B06BC5081FD1C12F00533C81 /* Info.plist */,
				B06BC5091FD1C12F00533C81 /* main.m */,
			);
			path = HeyAdMob;
			sourceTree = "<group>";
		};
/* End PBXGroup section */

/* Begin PBXNativeTarget section */
		B06BC4F61FD1C12E00533C81 /* HeyAdMob */ = {
			isa = PBXNativeTarget;
			buildConfigurationList = B06BC50D1FD1C12F00533C81 /* Build configuration list for PBXNativeTarget "HeyAdMob" */;
			buildPhases = (
				AC747C5A2D98DC131FE22436 /* [CP] Check Pods Manifest.lock */,
				B06BC4F31FD1C12E00533C81 /* Sources */,
				B06BC4F41FD1C12E00533C81 /* Frameworks */,
				B06BC4F51FD1C12E00533C81 /* Resources */,
				35740FAFCC5A23BA69D97725 /* [CP] Embed Pods Frameworks */,
				07648AB4BB536EF8BBA91E22 /* [CP] Copy Pods Resources */,
			);
			buildRules = (
			);
			dependencies = (
			);
			name = HeyAdMob;
			productName = HeyAdMob;
			productReference = B06BC4F71FD1C12E00533C81 /* HeyAdMob.app */;
			productType = "com.apple.product-type.application";
		};
/* End PBXNativeTarget section */

/* Begin PBXProject section */
		B06BC4EF1FD1C12E00533C81 /* Project object */ = {
			isa = PBXProject;
			attributes = {
				LastUpgradeCheck = 0910;
				ORGANIZATIONNAME = roy;
				TargetAttributes = {
					B06BC4F61FD1C12E00533C81 = {
						CreatedOnToolsVersion = 9.1;
						ProvisioningStyle = Automatic;
					};
				};
			};
			buildConfigurationList = B06BC4F21FD1C12E00533C81 /* Build configuration list for PBXProject "HeyAdMob" */;
			compatibilityVersion = "Xcode 8.0";
			developmentRegion = en;
			hasScannedForEncodings = 0;
			knownRegions = (
				en,
				Base,
			);
			mainGroup = B06BC4EE1FD1C12E00533C81;
			productRefGroup = B06BC4F81FD1C12E00533C81 /* Products */;
			projectDirPath = "";
			projectRoot = "";
			targets = (
				B06BC4F61FD1C12E00533C81 /* HeyAdMob */,
			);
		};
/* End PBXProject section */

/* Begin PBXResourcesBuildPhase section */
		B06BC4F51FD1C12E00533C81 /* Resources */ = {
			isa = PBXResourcesBuildPhase;
			buildActionMask = 2147483647;
			files = (
				B06BC5071FD1C12F00533C81 /* LaunchScreen.storyboard in Resources */,
				B06BC5041FD1C12F00533C81 /* Assets.xcassets in Resources */,
				B06BC5021FD1C12F00533C81 /* Main.storyboard in Resources */,
			);
			runOnlyForDeploymentPostprocessing = 0;
		};
/* End PBXResourcesBuildPhase section */

/* Begin PBXShellScriptBuildPhase section */
		07648AB4BB536EF8BBA91E22 /* [CP] Copy Pods Resources */ = {
			isa = PBXShellScriptBuildPhase;
			buildActionMask = 2147483647;
			files = (
			);
			inputPaths = (
			);
			name = "[CP] Copy Pods Resources";
			outputPaths = (
			);
			runOnlyForDeploymentPostprocessing = 0;
			shellPath = /bin/sh;
			shellScript = "\"${SRCROOT}/Pods/Target Support Files/Pods-HeyAdMob/Pods-HeyAdMob-resources.sh\"\n";
			showEnvVarsInLog = 0;
		};
		35740FAFCC5A23BA69D97725 /* [CP] Embed Pods Frameworks */ = {
			isa = PBXShellScriptBuildPhase;
			buildActionMask = 2147483647;
			files = (
			);
			inputPaths = (
			);
			name = "[CP] Embed Pods Frameworks";
			outputPaths = (
			);
			runOnlyForDeploymentPostprocessing = 0;
			shellPath = /bin/sh;
			shellScript = "\"${SRCROOT}/Pods/Target Support Files/Pods-HeyAdMob/Pods-HeyAdMob-frameworks.sh\"\n";
			showEnvVarsInLog = 0;
		};
		AC747C5A2D98DC131FE22436 /* [CP] Check Pods Manifest.lock */ = {
			isa = PBXShellScriptBuildPhase;
			buildActionMask = 2147483647;
			files = (
			);
			inputPaths = (
			);
			name = "[CP] Check Pods Manifest.lock";
			outputPaths = (
			);
			runOnlyForDeploymentPostprocessing = 0;
			shellPath = /bin/sh;
			shellScript = "diff \"${PODS_ROOT}/../Podfile.lock\" \"${PODS_ROOT}/Manifest.lock\" > /dev/null\nif [ $? != 0 ] ; then\n    # print error to STDERR\n    echo \"error: The sandbox is not in sync with the Podfile.lock. Run 'pod install' or update your CocoaPods installation.\" >&2\n    exit 1\nfi\n";
			showEnvVarsInLog = 0;
		};
/* End PBXShellScriptBuildPhase section */

/* Begin PBXSourcesBuildPhase section */
		B06BC4F31FD1C12E00533C81 /* Sources */ = {
			isa = PBXSourcesBuildPhase;
			buildActionMask = 2147483647;
			files = (
				B06BC5121FD52BCD00533C81 /* FullAdViewController.m in Sources */,
				B06BC4FF1FD1C12F00533C81 /* ViewController.m in Sources */,
				B06BC50A1FD1C12F00533C81 /* main.m in Sources */,
				B06BC4FC1FD1C12E00533C81 /* AppDelegate.m in Sources */,
			);
			runOnlyForDeploymentPostprocessing = 0;
		};
/* End PBXSourcesBuildPhase section */

/* Begin PBXVariantGroup section */
		B06BC5001FD1C12F00533C81 /* Main.storyboard */ = {
			isa = PBXVariantGroup;
			children = (
				B06BC5011FD1C12F00533C81 /* Base */,
			);
			name = Main.storyboard;
			sourceTree = "<group>";
		};
		B06BC5051FD1C12F00533C81 /* LaunchScreen.storyboard */ = {
			isa = PBXVariantGroup;
			children = (
				B06BC5061FD1C12F00533C81 /* Base */,
			);
			name = LaunchScreen.storyboard;
			sourceTree = "<group>";
		};
/* End PBXVariantGroup section */

/* Begin XCBuildConfiguration section */
		B06BC50B1FD1C12F00533C81 /* Debug */ = {
			isa = XCBuildConfiguration;
			buildSettings = {
				ALWAYS_SEARCH_USER_PATHS = NO;
				CLANG_ANALYZER_NONNULL = YES;
				CLANG_ANALYZER_NUMBER_OBJECT_CONVERSION = YES_AGGRESSIVE;
				CLANG_CXX_LANGUAGE_STANDARD = "gnu++14";
				CLANG_CXX_LIBRARY = "libc++";
				CLANG_ENABLE_MODULES = YES;
				CLANG_ENABLE_OBJC_ARC = YES;
				CLANG_WARN_BLOCK_CAPTURE_AUTORELEASING = YES;
				CLANG_WARN_BOOL_CONVERSION = YES;
				CLANG_WARN_COMMA = YES;
				CLANG_WARN_CONSTANT_CONVERSION = YES;
				CLANG_WARN_DIRECT_OBJC_ISA_USAGE = YES_ERROR;
				CLANG_WARN_DOCUMENTATION_COMMENTS = YES;
				CLANG_WARN_EMPTY_BODY = YES;
				CLANG_WARN_ENUM_CONVERSION = YES;
				CLANG_WARN_INFINITE_RECURSION = YES;
				CLANG_WARN_INT_CONVERSION = YES;
				CLANG_WARN_NON_LITERAL_NULL_CONVERSION = YES;
				CLANG_WARN_OBJC_LITERAL_CONVERSION = YES;
				CLANG_WARN_OBJC_ROOT_CLASS = YES_ERROR;
				CLANG_WARN_RANGE_LOOP_ANALYSIS = YES;
				CLANG_WARN_STRICT_PROTOTYPES = YES;
				CLANG_WARN_SUSPICIOUS_MOVE = YES;
				CLANG_WARN_UNGUARDED_AVAILABILITY = YES_AGGRESSIVE;
				CLANG_WARN_UNREACHABLE_CODE = YES;
				CLANG_WARN__DUPLICATE_METHOD_MATCH = YES;
				CODE_SIGN_IDENTITY = "iPhone Developer";
				COPY_PHASE_STRIP = NO;
				DEBUG_INFORMATION_FORMAT = dwarf;
				ENABLE_STRICT_OBJC_MSGSEND = YES;
				ENABLE_TESTABILITY = YES;
				GCC_C_LANGUAGE_STANDARD = gnu11;
				GCC_DYNAMIC_NO_PIC = NO;
				GCC_NO_COMMON_BLOCKS = YES;
				GCC_OPTIMIZATION_LEVEL = 0;
				GCC_PREPROCESSOR_DEFINITIONS = (
					"DEBUG=1",
					"$(inherited)",
				);
				GCC_WARN_64_TO_32_BIT_CONVERSION = YES;
				GCC_WARN_ABOUT_RETURN_TYPE = YES_ERROR;
				GCC_WARN_UNDECLARED_SELECTOR = YES;
				GCC_WARN_UNINITIALIZED_AUTOS = YES_AGGRESSIVE;
				GCC_WARN_UNUSED_FUNCTION = YES;
				GCC_WARN_UNUSED_VARIABLE = YES;
				IPHONEOS_DEPLOYMENT_TARGET = 11.1;
				MTL_ENABLE_DEBUG_INFO = YES;
				ONLY_ACTIVE_ARCH = YES;
				SDKROOT = iphoneos;
			};
			name = Debug;
		};
		B06BC50C1FD1C12F00533C81 /* Release */ = {
			isa = XCBuildConfiguration;
			buildSettings = {
				ALWAYS_SEARCH_USER_PATHS = NO;
				CLANG_ANALYZER_NONNULL = YES;
				CLANG_ANALYZER_NUMBER_OBJECT_CONVERSION = YES_AGGRESSIVE;
				CLANG_CXX_LANGUAGE_STANDARD = "gnu++14";
				CLANG_CXX_LIBRARY = "libc++";
				CLANG_ENABLE_MODULES = YES;
				CLANG_ENABLE_OBJC_ARC = YES;
				CLANG_WARN_BLOCK_CAPTURE_AUTORELEASING = YES;
				CLANG_WARN_BOOL_CONVERSION = YES;
				CLANG_WARN_COMMA = YES;
				CLANG_WARN_CONSTANT_CONVERSION = YES;
				CLANG_WARN_DIRECT_OBJC_ISA_USAGE = YES_ERROR;
				CLANG_WARN_DOCUMENTATION_COMMENTS = YES;
				CLANG_WARN_EMPTY_BODY = YES;
				CLANG_WARN_ENUM_CONVERSION = YES;
				CLANG_WARN_INFINITE_RECURSION = YES;
				CLANG_WARN_INT_CONVERSION = YES;
				CLANG_WARN_NON_LITERAL_NULL_CONVERSION = YES;
				CLANG_WARN_OBJC_LITERAL_CONVERSION = YES;
				CLANG_WARN_OBJC_ROOT_CLASS = YES_ERROR;
				CLANG_WARN_RANGE_LOOP_ANALYSIS = YES;
				CLANG_WARN_STRICT_PROTOTYPES = YES;
				CLANG_WARN_SUSPICIOUS_MOVE = YES;
				CLANG_WARN_UNGUARDED_AVAILABILITY = YES_AGGRESSIVE;
				CLANG_WARN_UNREACHABLE_CODE = YES;
				CLANG_WARN__DUPLICATE_METHOD_MATCH = YES;
				CODE_SIGN_IDENTITY = "iPhone Developer";
				COPY_PHASE_STRIP = NO;
				DEBUG_INFORMATION_FORMAT = "dwarf-with-dsym";
				ENABLE_NS_ASSERTIONS = NO;
				ENABLE_STRICT_OBJC_MSGSEND = YES;
				GCC_C_LANGUAGE_STANDARD = gnu11;
				GCC_NO_COMMON_BLOCKS = YES;
				GCC_WARN_64_TO_32_BIT_CONVERSION = YES;
				GCC_WARN_ABOUT_RETURN_TYPE = YES_ERROR;
				GCC_WARN_UNDECLARED_SELECTOR = YES;
				GCC_WARN_UNINITIALIZED_AUTOS = YES_AGGRESSIVE;
				GCC_WARN_UNUSED_FUNCTION = YES;
				GCC_WARN_UNUSED_VARIABLE = YES;
				IPHONEOS_DEPLOYMENT_TARGET = 11.1;
				MTL_ENABLE_DEBUG_INFO = NO;
				SDKROOT = iphoneos;
				VALIDATE_PRODUCT = YES;
			};
			name = Release;
		};
		B06BC50E1FD1C12F00533C81 /* Debug */ = {
			isa = XCBuildConfiguration;
			baseConfigurationReference = A7829DEA4C59FAC1E5D7946E /* Pods-HeyAdMob.debug.xcconfig */;
			buildSettings = {
				ASSETCATALOG_COMPILER_APPICON_NAME = AppIcon;
				CODE_SIGN_STYLE = Automatic;
				DEVELOPMENT_TEAM = 3W65U8T335;
				INFOPLIST_FILE = HeyAdMob/Info.plist;
				LD_RUNPATH_SEARCH_PATHS = "$(inherited) @executable_path/Frameworks";
				PRODUCT_BUNDLE_IDENTIFIER = com.roy.HeyAdMob;
				PRODUCT_NAME = "$(TARGET_NAME)";
				TARGETED_DEVICE_FAMILY = "1,2";
			};
			name = Debug;
		};
		B06BC50F1FD1C12F00533C81 /* Release */ = {
			isa = XCBuildConfiguration;
			baseConfigurationReference = 25623149FA397301F93D9848 /* Pods-HeyAdMob.release.xcconfig */;
			buildSettings = {
				ASSETCATALOG_COMPILER_APPICON_NAME = AppIcon;
				CODE_SIGN_STYLE = Automatic;
				DEVELOPMENT_TEAM = 3W65U8T335;
				INFOPLIST_FILE = HeyAdMob/Info.plist;
				LD_RUNPATH_SEARCH_PATHS = "$(inherited) @executable_path/Frameworks";
				PRODUCT_BUNDLE_IDENTIFIER = com.roy.HeyAdMob;
				PRODUCT_NAME = "$(TARGET_NAME)";
				TARGETED_DEVICE_FAMILY = "1,2";
			};
			name = Release;
		};
/* End XCBuildConfiguration section */

/* Begin XCConfigurationList section */
		B06BC4F21FD1C12E00533C81 /* Build configuration list for PBXProject "HeyAdMob" */ = {
			isa = XCConfigurationList;
			buildConfigurations = (
				B06BC50B1FD1C12F00533C81 /* Debug */,
				B06BC50C1FD1C12F00533C81 /* Release */,
			);
			defaultConfigurationIsVisible = 0;
			defaultConfigurationName = Release;
		};
		B06BC50D1FD1C12F00533C81 /* Build configuration list for PBXNativeTarget "HeyAdMob" */ = {
			isa = XCConfigurationList;
			buildConfigurations = (
				B06BC50E1FD1C12F00533C81 /* Debug */,
				B06BC50F1FD1C12F00533C81 /* Release */,
			);
			defaultConfigurationIsVisible = 0;
			defaultConfigurationName = Release;
		};
/* End XCConfigurationList section */
	};
	rootObject = B06BC4EF1FD1C12E00533C81 /* Project object */;
}
